
Microsoft Visual Studio Solution File, Format Version 12.00
# Visual Studio 15
VisualStudioVersion = 15.0.28010.2003
MinimumVisualStudioVersion = 10.0.40219.1
Project("{FAE04EC0-301F-11D3-BF4B-00C04F79EFBC}") = "Entidades", "Entidades\Entidades.csproj", "{CD88900F-3E84-440D-85A6-76E599BC138C}"
EndProject
Project("{FAE04EC0-301F-11D3-BF4B-00C04F79EFBC}") = "ConsoleApp1", "ConsoleApp1\ConsoleApp1.csproj", "{94E23A68-F00D-4371-BECF-8D35E5170C3D}"
EndProject
Global
	GlobalSection(SolutionConfigurationPlatforms) = preSolution
		Debug|Any CPU = Debug|Any CPU
		Release|Any CPU = Release|Any CPU
	EndGlobalSection
	GlobalSection(ProjectConfigurationPlatforms) = postSolution
		{CD88900F-3E84-440D-85A6-76E599BC138C}.Debug|Any CPU.ActiveCfg = Debug|Any CPU
		{CD88900F-3E84-440D-85A6-76E599BC138C}.Debug|Any CPU.Build.0 = Debug|Any CPU
		{CD88900F-3E84-440D-85A6-76E599BC138C}.Release|Any CPU.ActiveCfg = Release|Any CPU
		{CD88900F-3E84-440D-85A6-76E599BC138C}.Release|Any CPU.Build.0 = Release|Any CPU
		{94E23A68-F00D-4371-BECF-8D35E5170C3D}.Debug|Any CPU.ActiveCfg = Debug|Any CPU
		{94E23A68-F00D-4371-BECF-8D35E5170C3D}.Debug|Any CPU.Build.0 = Debug|Any CPU
		{94E23A68-F00D-4371-BECF-8D35E5170C3D}.Release|Any CPU.ActiveCfg = Release|Any CPU
		{94E23A68-F00D-4371-BECF-8D35E5170C3D}.Release|Any CPU.Build.0 = Release|Any CPU
	EndGlobalSection
	GlobalSection(SolutionProperties) = preSolution
		HideSolutionNode = FALSE
	EndGlobalSection
	GlobalSection(ExtensibilityGlobals) = postSolution
		SolutionGuid = {F4404A54-4D18-4A57-8CDA-697AD3088DCA}
	EndGlobalSection
EndGlobal
