
Microsoft Visual Studio Solution File, Format Version 12.00
# Visual Studio 15
VisualStudioVersion = 15.0.28010.2003
MinimumVisualStudioVersion = 10.0.40219.1
Project("{FAE04EC0-301F-11D3-BF4B-00C04F79EFBC}") = "RPP", "..\RPP.csproj", "{EC7C8181-A8D0-4AC8-B6A3-E392DD83B046}"
EndProject
Project("{FAE04EC0-301F-11D3-BF4B-00C04F79EFBC}") = "Entidades", "..\Entidades\Entidades\Entidades.csproj", "{54CEDCDE-BEFE-4BD0-B2E1-4DAD04FBA81F}"
EndProject
Global
	GlobalSection(SolutionConfigurationPlatforms) = preSolution
		Debug|Any CPU = Debug|Any CPU
		Debug|x86 = Debug|x86
		Release|Any CPU = Release|Any CPU
		Release|x86 = Release|x86
	EndGlobalSection
	GlobalSection(ProjectConfigurationPlatforms) = postSolution
		{EC7C8181-A8D0-4AC8-B6A3-E392DD83B046}.Debug|Any CPU.ActiveCfg = Debug|x86
		{EC7C8181-A8D0-4AC8-B6A3-E392DD83B046}.Debug|x86.ActiveCfg = Debug|x86
		{EC7C8181-A8D0-4AC8-B6A3-E392DD83B046}.Debug|x86.Build.0 = Debug|x86
		{EC7C8181-A8D0-4AC8-B6A3-E392DD83B046}.Release|Any CPU.ActiveCfg = Release|x86
		{EC7C8181-A8D0-4AC8-B6A3-E392DD83B046}.Release|x86.ActiveCfg = Release|x86
		{EC7C8181-A8D0-4AC8-B6A3-E392DD83B046}.Release|x86.Build.0 = Release|x86
		{54CEDCDE-BEFE-4BD0-B2E1-4DAD04FBA81F}.Debug|Any CPU.ActiveCfg = Debug|Any CPU
		{54CEDCDE-BEFE-4BD0-B2E1-4DAD04FBA81F}.Debug|Any CPU.Build.0 = Debug|Any CPU
		{54CEDCDE-BEFE-4BD0-B2E1-4DAD04FBA81F}.Debug|x86.ActiveCfg = Debug|Any CPU
		{54CEDCDE-BEFE-4BD0-B2E1-4DAD04FBA81F}.Debug|x86.Build.0 = Debug|Any CPU
		{54CEDCDE-BEFE-4BD0-B2E1-4DAD04FBA81F}.Release|Any CPU.ActiveCfg = Release|Any CPU
		{54CEDCDE-BEFE-4BD0-B2E1-4DAD04FBA81F}.Release|Any CPU.Build.0 = Release|Any CPU
		{54CEDCDE-BEFE-4BD0-B2E1-4DAD04FBA81F}.Release|x86.ActiveCfg = Release|Any CPU
		{54CEDCDE-BEFE-4BD0-B2E1-4DAD04FBA81F}.Release|x86.Build.0 = Release|Any CPU
	EndGlobalSection
	GlobalSection(SolutionProperties) = preSolution
		HideSolutionNode = FALSE
	EndGlobalSection
	GlobalSection(ExtensibilityGlobals) = postSolution
		SolutionGuid = {28EC2272-1633-4361-8FB3-AF1C698E264D}
	EndGlobalSection
EndGlobal
