
Microsoft Visual Studio Solution File, Format Version 12.00
# Visual Studio 15
VisualStudioVersion = 15.0.28010.2003
MinimumVisualStudioVersion = 10.0.40219.1
Project("{FAE04EC0-301F-11D3-BF4B-00C04F79EFBC}") = "ClassLibrary1", "ClassLibrary1\ClassLibrary1.csproj", "{A2EB7C87-AABF-4519-B26A-5D2FE8E22DF2}"
EndProject
Project("{FAE04EC0-301F-11D3-BF4B-00C04F79EFBC}") = "ConsoleApp1", "ConsoleApp1\ConsoleApp1.csproj", "{BDE07622-17DA-40FF-9705-CC3D30B1F74F}"
EndProject
Global
	GlobalSection(SolutionConfigurationPlatforms) = preSolution
		Debug|Any CPU = Debug|Any CPU
		Release|Any CPU = Release|Any CPU
	EndGlobalSection
	GlobalSection(ProjectConfigurationPlatforms) = postSolution
		{A2EB7C87-AABF-4519-B26A-5D2FE8E22DF2}.Debug|Any CPU.ActiveCfg = Debug|Any CPU
		{A2EB7C87-AABF-4519-B26A-5D2FE8E22DF2}.Debug|Any CPU.Build.0 = Debug|Any CPU
		{A2EB7C87-AABF-4519-B26A-5D2FE8E22DF2}.Release|Any CPU.ActiveCfg = Release|Any CPU
		{A2EB7C87-AABF-4519-B26A-5D2FE8E22DF2}.Release|Any CPU.Build.0 = Release|Any CPU
		{BDE07622-17DA-40FF-9705-CC3D30B1F74F}.Debug|Any CPU.ActiveCfg = Debug|Any CPU
		{BDE07622-17DA-40FF-9705-CC3D30B1F74F}.Debug|Any CPU.Build.0 = Debug|Any CPU
		{BDE07622-17DA-40FF-9705-CC3D30B1F74F}.Release|Any CPU.ActiveCfg = Release|Any CPU
		{BDE07622-17DA-40FF-9705-CC3D30B1F74F}.Release|Any CPU.Build.0 = Release|Any CPU
	EndGlobalSection
	GlobalSection(SolutionProperties) = preSolution
		HideSolutionNode = FALSE
	EndGlobalSection
	GlobalSection(ExtensibilityGlobals) = postSolution
		SolutionGuid = {BB55C45B-8AD6-48E2-9D19-E7B9D874EBEF}
	EndGlobalSection
EndGlobal
