
Microsoft Visual Studio Solution File, Format Version 12.00
# Visual Studio 15
VisualStudioVersion = 15.0.27703.2047
MinimumVisualStudioVersion = 10.0.40219.1
Project("{FAE04EC0-301F-11D3-BF4B-00C04F79EFBC}") = "Entidades", "Entidades\Entidades.csproj", "{0C4690B5-C1FD-44A7-86F1-BA428DA5E916}"
EndProject
Project("{FAE04EC0-301F-11D3-BF4B-00C04F79EFBC}") = "Test", "ConsoleApp1\Test.csproj", "{8196C462-188F-48E7-BDEB-2D7A2612207F}"
EndProject
Global
	GlobalSection(SolutionConfigurationPlatforms) = preSolution
		Debug|Any CPU = Debug|Any CPU
		Release|Any CPU = Release|Any CPU
	EndGlobalSection
	GlobalSection(ProjectConfigurationPlatforms) = postSolution
		{0C4690B5-C1FD-44A7-86F1-BA428DA5E916}.Debug|Any CPU.ActiveCfg = Debug|Any CPU
		{0C4690B5-C1FD-44A7-86F1-BA428DA5E916}.Debug|Any CPU.Build.0 = Debug|Any CPU
		{0C4690B5-C1FD-44A7-86F1-BA428DA5E916}.Release|Any CPU.ActiveCfg = Release|Any CPU
		{0C4690B5-C1FD-44A7-86F1-BA428DA5E916}.Release|Any CPU.Build.0 = Release|Any CPU
		{8196C462-188F-48E7-BDEB-2D7A2612207F}.Debug|Any CPU.ActiveCfg = Debug|Any CPU
		{8196C462-188F-48E7-BDEB-2D7A2612207F}.Debug|Any CPU.Build.0 = Debug|Any CPU
		{8196C462-188F-48E7-BDEB-2D7A2612207F}.Release|Any CPU.ActiveCfg = Release|Any CPU
		{8196C462-188F-48E7-BDEB-2D7A2612207F}.Release|Any CPU.Build.0 = Release|Any CPU
	EndGlobalSection
	GlobalSection(SolutionProperties) = preSolution
		HideSolutionNode = FALSE
	EndGlobalSection
	GlobalSection(ExtensibilityGlobals) = postSolution
		SolutionGuid = {4E5F896F-3D22-4051-BF68-ED5869ABE27D}
	EndGlobalSection
EndGlobal
